
Microsoft Visual Studio Solution File, Format Version 12.00
# Visual Studio Version 16
VisualStudioVersion = 16.0.29509.3
MinimumVisualStudioVersion = 10.0.40219.1
Project("{9A19103F-16F7-4668-BE54-9A1E7A4F7556}") = "TeduShopAPIDapperCore", "TeduShopAPIDapperCore\TeduShopAPIDapperCore.csproj", "{45EB8FEA-FB51-4D5C-B1EA-853E1CC92DE0}"
EndProject
Project("{FAE04EC0-301F-11D3-BF4B-00C04F79EFBC}") = "TeduShopData", "TeduShopData\TeduShopData.csproj", "{CC1452A4-4799-4CC1-A616-C3A426DCF247}"
EndProject
Global
	GlobalSection(SolutionConfigurationPlatforms) = preSolution
		Debug|Any CPU = Debug|Any CPU
		Release|Any CPU = Release|Any CPU
	EndGlobalSection
	GlobalSection(ProjectConfigurationPlatforms) = postSolution
		{45EB8FEA-FB51-4D5C-B1EA-853E1CC92DE0}.Debug|Any CPU.ActiveCfg = Debug|Any CPU
		{45EB8FEA-FB51-4D5C-B1EA-853E1CC92DE0}.Debug|Any CPU.Build.0 = Debug|Any CPU
		{45EB8FEA-FB51-4D5C-B1EA-853E1CC92DE0}.Release|Any CPU.ActiveCfg = Release|Any CPU
		{45EB8FEA-FB51-4D5C-B1EA-853E1CC92DE0}.Release|Any CPU.Build.0 = Release|Any CPU
		{CC1452A4-4799-4CC1-A616-C3A426DCF247}.Debug|Any CPU.ActiveCfg = Debug|Any CPU
		{CC1452A4-4799-4CC1-A616-C3A426DCF247}.Debug|Any CPU.Build.0 = Debug|Any CPU
		{CC1452A4-4799-4CC1-A616-C3A426DCF247}.Release|Any CPU.ActiveCfg = Release|Any CPU
		{CC1452A4-4799-4CC1-A616-C3A426DCF247}.Release|Any CPU.Build.0 = Release|Any CPU
	EndGlobalSection
	GlobalSection(SolutionProperties) = preSolution
		HideSolutionNode = FALSE
	EndGlobalSection
	GlobalSection(ExtensibilityGlobals) = postSolution
		SolutionGuid = {997512B2-6B57-4C95-BCFE-072CFF3F133C}
	EndGlobalSection
EndGlobal
